{
  "name": "agent-genkit",
  "version": "1.0.0",
  "lockfileVersion": 3,
  "requires": true,
  "packages": {
    "": {
      "name": "agent-genkit",
      "version": "1.0.0",
      "license": "ISC",
      "dependencies": {
        "http-auth-utils": "^6.0.1"
      }
    },
    "node_modules/http-auth-utils": {
      "version": "6.0.1",
      "resolved": "https://registry.npmjs.org/http-auth-utils/-/http-auth-utils-6.0.1.tgz",
      "integrity": "sha512-nzW90LW+YP4NjX+z8sQCE4yVrQGXTDtF8ye6thyoTG78r5h5tWRz8IU8MvmQuONePJiBhUmtvAtmuYQRlh+M7g==",
      "dependencies": {
        "yerror": "^8.0.0"
      },
      "engines": {
        "node": ">=20.11.1"
      }
    },
    "node_modules/yerror": {
      "version": "8.0.0",
      "resolved": "https://registry.npmjs.org/yerror/-/yerror-8.0.0.tgz",
      "integrity": "sha512-FemWD5/UqNm8ffj8oZIbjWXIF2KE0mZssggYpdaQkWDDgXBQ/35PNIxEuz6/YLn9o0kOxDBNJe8x8k9ljD7k/g==",
      "engines": {
        "node": ">=18.16.0"
      }
    }
  }
}
